
Microsoft Visual Studio Solution File, Format Version 12.00
# Visual Studio Version 17
VisualStudioVersion = 17.7.34024.191
MinimumVisualStudioVersion = 10.0.40219.1
Project("{9A19103F-16F7-4668-BE54-9A1E7A4F7556}") = "Sinya.Tera.Shared", "Sinya.Tera.Shared\Sinya.Tera.Shared.csproj", "{3BA3C058-A49C-4B06-851D-45753612DB34}"
EndProject
Project("{FAE04EC0-301F-11D3-BF4B-00C04F79EFBC}") = "ItemDataBrowser", "ItemDataBrowser\ItemDataBrowser.csproj", "{6CAB2E67-6F29-4669-89D2-94088A8E993A}"
EndProject
Global
	GlobalSection(SolutionConfigurationPlatforms) = preSolution
		Debug|Any CPU = Debug|Any CPU
		Release|Any CPU = Release|Any CPU
	EndGlobalSection
	GlobalSection(ProjectConfigurationPlatforms) = postSolution
		{3BA3C058-A49C-4B06-851D-45753612DB34}.Debug|Any CPU.ActiveCfg = Debug|Any CPU
		{3BA3C058-A49C-4B06-851D-45753612DB34}.Debug|Any CPU.Build.0 = Debug|Any CPU
		{3BA3C058-A49C-4B06-851D-45753612DB34}.Release|Any CPU.ActiveCfg = Release|Any CPU
		{3BA3C058-A49C-4B06-851D-45753612DB34}.Release|Any CPU.Build.0 = Release|Any CPU
		{6CAB2E67-6F29-4669-89D2-94088A8E993A}.Debug|Any CPU.ActiveCfg = Debug|Any CPU
		{6CAB2E67-6F29-4669-89D2-94088A8E993A}.Debug|Any CPU.Build.0 = Debug|Any CPU
		{6CAB2E67-6F29-4669-89D2-94088A8E993A}.Release|Any CPU.ActiveCfg = Release|Any CPU
		{6CAB2E67-6F29-4669-89D2-94088A8E993A}.Release|Any CPU.Build.0 = Release|Any CPU
	EndGlobalSection
	GlobalSection(SolutionProperties) = preSolution
		HideSolutionNode = FALSE
	EndGlobalSection
	GlobalSection(ExtensibilityGlobals) = postSolution
		SolutionGuid = {5F2E20FE-4325-4105-B4A6-A288E9A920DC}
	EndGlobalSection
EndGlobal
